
Microsoft Visual Studio Solution File, Format Version 12.00
# Visual Studio Version 16
VisualStudioVersion = 16.0.29020.237
MinimumVisualStudioVersion = 10.0.40219.1
Project("{FAE04EC0-301F-11D3-BF4B-00C04F79EFBC}") = "CSpg67", "CSpg67\CSpg67.csproj", "{9AD3F164-A47A-4A5F-BCC9-33A218485CB8}"
EndProject
Global
	GlobalSection(SolutionConfigurationPlatforms) = preSolution
		Debug|Any CPU = Debug|Any CPU
		Release|Any CPU = Release|Any CPU
	EndGlobalSection
	GlobalSection(ProjectConfigurationPlatforms) = postSolution
		{9AD3F164-A47A-4A5F-BCC9-33A218485CB8}.Debug|Any CPU.ActiveCfg = Debug|Any CPU
		{9AD3F164-A47A-4A5F-BCC9-33A218485CB8}.Debug|Any CPU.Build.0 = Debug|Any CPU
		{9AD3F164-A47A-4A5F-BCC9-33A218485CB8}.Release|Any CPU.ActiveCfg = Release|Any CPU
		{9AD3F164-A47A-4A5F-BCC9-33A218485CB8}.Release|Any CPU.Build.0 = Release|Any CPU
	EndGlobalSection
	GlobalSection(SolutionProperties) = preSolution
		HideSolutionNode = FALSE
	EndGlobalSection
	GlobalSection(ExtensibilityGlobals) = postSolution
		SolutionGuid = {D92A7ABB-1155-46B3-82C1-6C3B82BAC904}
	EndGlobalSection
EndGlobal
