
Microsoft Visual Studio Solution File, Format Version 12.00
# Visual Studio Version 16
VisualStudioVersion = 16.0.29020.237
MinimumVisualStudioVersion = 10.0.40219.1
Project("{FAE04EC0-301F-11D3-BF4B-00C04F79EFBC}") = "CSpg100", "CSpg100\CSpg100.csproj", "{C48ADB2C-20DE-4BC1-98B1-E9D703AF4215}"
EndProject
Global
	GlobalSection(SolutionConfigurationPlatforms) = preSolution
		Debug|Any CPU = Debug|Any CPU
		Release|Any CPU = Release|Any CPU
	EndGlobalSection
	GlobalSection(ProjectConfigurationPlatforms) = postSolution
		{C48ADB2C-20DE-4BC1-98B1-E9D703AF4215}.Debug|Any CPU.ActiveCfg = Debug|Any CPU
		{C48ADB2C-20DE-4BC1-98B1-E9D703AF4215}.Debug|Any CPU.Build.0 = Debug|Any CPU
		{C48ADB2C-20DE-4BC1-98B1-E9D703AF4215}.Release|Any CPU.ActiveCfg = Release|Any CPU
		{C48ADB2C-20DE-4BC1-98B1-E9D703AF4215}.Release|Any CPU.Build.0 = Release|Any CPU
	EndGlobalSection
	GlobalSection(SolutionProperties) = preSolution
		HideSolutionNode = FALSE
	EndGlobalSection
	GlobalSection(ExtensibilityGlobals) = postSolution
		SolutionGuid = {E2069D65-3FE0-4554-88DE-525FC2FA124A}
	EndGlobalSection
EndGlobal
