
Microsoft Visual Studio Solution File, Format Version 12.00
# Visual Studio Version 16
VisualStudioVersion = 16.0.29020.237
MinimumVisualStudioVersion = 10.0.40219.1
Project("{FAE04EC0-301F-11D3-BF4B-00C04F79EFBC}") = "StringFunctions", "StringFunctions\StringFunctions.csproj", "{856A3707-BF99-4EE1-8ACF-E5AF7D1D3E4F}"
EndProject
Global
	GlobalSection(SolutionConfigurationPlatforms) = preSolution
		Debug|Any CPU = Debug|Any CPU
		Release|Any CPU = Release|Any CPU
	EndGlobalSection
	GlobalSection(ProjectConfigurationPlatforms) = postSolution
		{856A3707-BF99-4EE1-8ACF-E5AF7D1D3E4F}.Debug|Any CPU.ActiveCfg = Debug|Any CPU
		{856A3707-BF99-4EE1-8ACF-E5AF7D1D3E4F}.Debug|Any CPU.Build.0 = Debug|Any CPU
		{856A3707-BF99-4EE1-8ACF-E5AF7D1D3E4F}.Release|Any CPU.ActiveCfg = Release|Any CPU
		{856A3707-BF99-4EE1-8ACF-E5AF7D1D3E4F}.Release|Any CPU.Build.0 = Release|Any CPU
	EndGlobalSection
	GlobalSection(SolutionProperties) = preSolution
		HideSolutionNode = FALSE
	EndGlobalSection
	GlobalSection(ExtensibilityGlobals) = postSolution
		SolutionGuid = {27DFD342-4835-4DC5-B96C-7ACF0FD3F3DC}
	EndGlobalSection
EndGlobal
