
Microsoft Visual Studio Solution File, Format Version 12.00
# Visual Studio Version 16
VisualStudioVersion = 16.0.29020.237
MinimumVisualStudioVersion = 10.0.40219.1
Project("{FAE04EC0-301F-11D3-BF4B-00C04F79EFBC}") = "VariablesAndDataTypes", "VariablesAndDataTypes\VariablesAndDataTypes.csproj", "{0E78962B-61BC-4742-A3DD-8CEE92DAFBA8}"
EndProject
Global
	GlobalSection(SolutionConfigurationPlatforms) = preSolution
		Debug|Any CPU = Debug|Any CPU
		Release|Any CPU = Release|Any CPU
	EndGlobalSection
	GlobalSection(ProjectConfigurationPlatforms) = postSolution
		{0E78962B-61BC-4742-A3DD-8CEE92DAFBA8}.Debug|Any CPU.ActiveCfg = Debug|Any CPU
		{0E78962B-61BC-4742-A3DD-8CEE92DAFBA8}.Debug|Any CPU.Build.0 = Debug|Any CPU
		{0E78962B-61BC-4742-A3DD-8CEE92DAFBA8}.Release|Any CPU.ActiveCfg = Release|Any CPU
		{0E78962B-61BC-4742-A3DD-8CEE92DAFBA8}.Release|Any CPU.Build.0 = Release|Any CPU
	EndGlobalSection
	GlobalSection(SolutionProperties) = preSolution
		HideSolutionNode = FALSE
	EndGlobalSection
	GlobalSection(ExtensibilityGlobals) = postSolution
		SolutionGuid = {993E8BA4-824D-481A-9968-EE865E9B120C}
	EndGlobalSection
EndGlobal
