
Microsoft Visual Studio Solution File, Format Version 12.00
# Visual Studio Version 16
VisualStudioVersion = 16.0.29020.237
MinimumVisualStudioVersion = 10.0.40219.1
Project("{FAE04EC0-301F-11D3-BF4B-00C04F79EFBC}") = "CSpg93", "CSpg93\CSpg93.csproj", "{1B88E6F8-EB64-4F4C-89A8-EB9BB4AC3526}"
EndProject
Global
	GlobalSection(SolutionConfigurationPlatforms) = preSolution
		Debug|Any CPU = Debug|Any CPU
		Release|Any CPU = Release|Any CPU
	EndGlobalSection
	GlobalSection(ProjectConfigurationPlatforms) = postSolution
		{1B88E6F8-EB64-4F4C-89A8-EB9BB4AC3526}.Debug|Any CPU.ActiveCfg = Debug|Any CPU
		{1B88E6F8-EB64-4F4C-89A8-EB9BB4AC3526}.Debug|Any CPU.Build.0 = Debug|Any CPU
		{1B88E6F8-EB64-4F4C-89A8-EB9BB4AC3526}.Release|Any CPU.ActiveCfg = Release|Any CPU
		{1B88E6F8-EB64-4F4C-89A8-EB9BB4AC3526}.Release|Any CPU.Build.0 = Release|Any CPU
	EndGlobalSection
	GlobalSection(SolutionProperties) = preSolution
		HideSolutionNode = FALSE
	EndGlobalSection
	GlobalSection(ExtensibilityGlobals) = postSolution
		SolutionGuid = {559C0FCF-2922-4FAD-A0B4-E9D2A4D51CA4}
	EndGlobalSection
EndGlobal
