
Microsoft Visual Studio Solution File, Format Version 12.00
# Visual Studio Version 16
VisualStudioVersion = 16.0.29020.237
MinimumVisualStudioVersion = 10.0.40219.1
Project("{FAE04EC0-301F-11D3-BF4B-00C04F79EFBC}") = "CSpg92", "CSpg92\CSpg92.csproj", "{2C087B41-81B6-45FD-9082-A43771911BAA}"
EndProject
Global
	GlobalSection(SolutionConfigurationPlatforms) = preSolution
		Debug|Any CPU = Debug|Any CPU
		Release|Any CPU = Release|Any CPU
	EndGlobalSection
	GlobalSection(ProjectConfigurationPlatforms) = postSolution
		{2C087B41-81B6-45FD-9082-A43771911BAA}.Debug|Any CPU.ActiveCfg = Debug|Any CPU
		{2C087B41-81B6-45FD-9082-A43771911BAA}.Debug|Any CPU.Build.0 = Debug|Any CPU
		{2C087B41-81B6-45FD-9082-A43771911BAA}.Release|Any CPU.ActiveCfg = Release|Any CPU
		{2C087B41-81B6-45FD-9082-A43771911BAA}.Release|Any CPU.Build.0 = Release|Any CPU
	EndGlobalSection
	GlobalSection(SolutionProperties) = preSolution
		HideSolutionNode = FALSE
	EndGlobalSection
	GlobalSection(ExtensibilityGlobals) = postSolution
		SolutionGuid = {C3D6FD17-F15E-433A-AE50-D9443880D14F}
	EndGlobalSection
EndGlobal
