
Microsoft Visual Studio Solution File, Format Version 12.00
# Visual Studio Version 16
VisualStudioVersion = 16.0.29020.237
MinimumVisualStudioVersion = 10.0.40219.1
Project("{FAE04EC0-301F-11D3-BF4B-00C04F79EFBC}") = "CSpg97", "CSpg97\CSpg97.csproj", "{8C18B8D4-C746-4277-A1B9-D05F280EA417}"
EndProject
Global
	GlobalSection(SolutionConfigurationPlatforms) = preSolution
		Debug|Any CPU = Debug|Any CPU
		Release|Any CPU = Release|Any CPU
	EndGlobalSection
	GlobalSection(ProjectConfigurationPlatforms) = postSolution
		{8C18B8D4-C746-4277-A1B9-D05F280EA417}.Debug|Any CPU.ActiveCfg = Debug|Any CPU
		{8C18B8D4-C746-4277-A1B9-D05F280EA417}.Debug|Any CPU.Build.0 = Debug|Any CPU
		{8C18B8D4-C746-4277-A1B9-D05F280EA417}.Release|Any CPU.ActiveCfg = Release|Any CPU
		{8C18B8D4-C746-4277-A1B9-D05F280EA417}.Release|Any CPU.Build.0 = Release|Any CPU
	EndGlobalSection
	GlobalSection(SolutionProperties) = preSolution
		HideSolutionNode = FALSE
	EndGlobalSection
	GlobalSection(ExtensibilityGlobals) = postSolution
		SolutionGuid = {4C1F6E07-1D6F-4628-BF9F-EDFCC13BC81E}
	EndGlobalSection
EndGlobal
